
Microsoft Visual Studio Solution File, Format Version 12.00
# Visual Studio Version 16
VisualStudioVersion = 16.0.30114.105
MinimumVisualStudioVersion = 10.0.40219.1
Project("{34036844-64E7-43A5-9151-4AD90E180989}") = "Kotvis.Examples.Edge", "Kotvis.Examples.Edge\Kotvis.Examples.Edge.iotedgeproj", "{7D6DA1C9-C866-4A64-BE75-B20247AC47C2}"
EndProject
Project("{9A19103F-16F7-4668-BE54-9A1E7A4F7556}") = "Kotvis.Examples.Edge.PubSubSimulator", "Kotvis.Examples.Edge.PubSubSimulator\Kotvis.Examples.Edge.PubSubSimulator.csproj", "{60A478A4-B382-421F-9D4A-CDCB4CDBC1F2}"
EndProject
Project("{9A19103F-16F7-4668-BE54-9A1E7A4F7556}") = "Kotvis.Examples.Edge.Subscriber", "Kotvis.Examples.Edge.Subscriber\Kotvis.Examples.Edge.Subscriber.csproj", "{73960434-B0F8-43D0-80DA-73D12FD250D2}"
EndProject
Project("{9A19103F-16F7-4668-BE54-9A1E7A4F7556}") = "Kotvis.Examples.Edge.Subscriber.Test", "Kotvis.Examples.Edge.Subscriber.Test\Kotvis.Examples.Edge.Subscriber.Test.csproj", "{932EDB64-F326-4464-98DB-F357BF93FD04}"
EndProject
Project("{9A19103F-16F7-4668-BE54-9A1E7A4F7556}") = "Kotvis.Examples.Edge.Model", "Kotvis.Examples.Edge.Model\Kotvis.Examples.Edge.Model.csproj", "{28980882-089C-4D42-8B1E-62B0442BDDA6}"
EndProject
Project("{9A19103F-16F7-4668-BE54-9A1E7A4F7556}") = "Kotvis.Examples.Edge.Jobs", "Kotvis.Examples.Edge.Jobs\Kotvis.Examples.Edge.Jobs.csproj", "{9E23D770-BF64-426C-814A-F1B1AD80C9C0}"
EndProject
Project("{9A19103F-16F7-4668-BE54-9A1E7A4F7556}") = "Kotvis.Examples.Edge.Scheduler", "Kotvis.Examples.Edge.Scheduler\Kotvis.Examples.Edge.Scheduler.csproj", "{59BC4EF2-E7EC-44CF-8A80-36A4AC6C939B}"
EndProject
Project("{FAE04EC0-301F-11D3-BF4B-00C04F79EFBC}") = "Kotvis.Examples.Edge.Actor.Model", "Kotvis.Examples.Edge.Actor.Model\Kotvis.Examples.Edge.Actor.Model.csproj", "{1B8F15FF-7CD9-41B1-BB5E-E89453BDBF37}"
EndProject
Project("{FAE04EC0-301F-11D3-BF4B-00C04F79EFBC}") = "Kotvis.Examples.Edge.Actor", "Kotvis.Examples.Edge.Actor\Kotvis.Examples.Edge.Actor.csproj", "{457A8F80-CA1E-4E6E-B8C1-69C39B3B7844}"
EndProject
Global
	GlobalSection(SolutionConfigurationPlatforms) = preSolution
		Debug|Any CPU = Debug|Any CPU
		Release|Any CPU = Release|Any CPU
	EndGlobalSection
	GlobalSection(ProjectConfigurationPlatforms) = postSolution
		{7D6DA1C9-C866-4A64-BE75-B20247AC47C2}.Debug|Any CPU.ActiveCfg = Debug|Any CPU
		{7D6DA1C9-C866-4A64-BE75-B20247AC47C2}.Debug|Any CPU.Build.0 = Debug|Any CPU
		{7D6DA1C9-C866-4A64-BE75-B20247AC47C2}.Release|Any CPU.ActiveCfg = Release|Any CPU
		{7D6DA1C9-C866-4A64-BE75-B20247AC47C2}.Release|Any CPU.Build.0 = Release|Any CPU
		{60A478A4-B382-421F-9D4A-CDCB4CDBC1F2}.Debug|Any CPU.ActiveCfg = Debug|Any CPU
		{60A478A4-B382-421F-9D4A-CDCB4CDBC1F2}.Debug|Any CPU.Build.0 = Debug|Any CPU
		{60A478A4-B382-421F-9D4A-CDCB4CDBC1F2}.Release|Any CPU.ActiveCfg = Release|Any CPU
		{60A478A4-B382-421F-9D4A-CDCB4CDBC1F2}.Release|Any CPU.Build.0 = Release|Any CPU
		{73960434-B0F8-43D0-80DA-73D12FD250D2}.Debug|Any CPU.ActiveCfg = Debug|Any CPU
		{73960434-B0F8-43D0-80DA-73D12FD250D2}.Debug|Any CPU.Build.0 = Debug|Any CPU
		{73960434-B0F8-43D0-80DA-73D12FD250D2}.Release|Any CPU.ActiveCfg = Release|Any CPU
		{73960434-B0F8-43D0-80DA-73D12FD250D2}.Release|Any CPU.Build.0 = Release|Any CPU
		{932EDB64-F326-4464-98DB-F357BF93FD04}.Debug|Any CPU.ActiveCfg = Debug|Any CPU
		{932EDB64-F326-4464-98DB-F357BF93FD04}.Debug|Any CPU.Build.0 = Debug|Any CPU
		{932EDB64-F326-4464-98DB-F357BF93FD04}.Release|Any CPU.ActiveCfg = Release|Any CPU
		{932EDB64-F326-4464-98DB-F357BF93FD04}.Release|Any CPU.Build.0 = Release|Any CPU
		{28980882-089C-4D42-8B1E-62B0442BDDA6}.Debug|Any CPU.ActiveCfg = Debug|Any CPU
		{28980882-089C-4D42-8B1E-62B0442BDDA6}.Debug|Any CPU.Build.0 = Debug|Any CPU
		{28980882-089C-4D42-8B1E-62B0442BDDA6}.Release|Any CPU.ActiveCfg = Release|Any CPU
		{28980882-089C-4D42-8B1E-62B0442BDDA6}.Release|Any CPU.Build.0 = Release|Any CPU
		{9E23D770-BF64-426C-814A-F1B1AD80C9C0}.Debug|Any CPU.ActiveCfg = Debug|Any CPU
		{9E23D770-BF64-426C-814A-F1B1AD80C9C0}.Debug|Any CPU.Build.0 = Debug|Any CPU
		{9E23D770-BF64-426C-814A-F1B1AD80C9C0}.Release|Any CPU.ActiveCfg = Release|Any CPU
		{9E23D770-BF64-426C-814A-F1B1AD80C9C0}.Release|Any CPU.Build.0 = Release|Any CPU
		{59BC4EF2-E7EC-44CF-8A80-36A4AC6C939B}.Debug|Any CPU.ActiveCfg = Debug|Any CPU
		{59BC4EF2-E7EC-44CF-8A80-36A4AC6C939B}.Debug|Any CPU.Build.0 = Debug|Any CPU
		{59BC4EF2-E7EC-44CF-8A80-36A4AC6C939B}.Release|Any CPU.ActiveCfg = Release|Any CPU
		{59BC4EF2-E7EC-44CF-8A80-36A4AC6C939B}.Release|Any CPU.Build.0 = Release|Any CPU
		{1B8F15FF-7CD9-41B1-BB5E-E89453BDBF37}.Debug|Any CPU.ActiveCfg = Debug|Any CPU
		{1B8F15FF-7CD9-41B1-BB5E-E89453BDBF37}.Debug|Any CPU.Build.0 = Debug|Any CPU
		{1B8F15FF-7CD9-41B1-BB5E-E89453BDBF37}.Release|Any CPU.ActiveCfg = Release|Any CPU
		{1B8F15FF-7CD9-41B1-BB5E-E89453BDBF37}.Release|Any CPU.Build.0 = Release|Any CPU
		{457A8F80-CA1E-4E6E-B8C1-69C39B3B7844}.Debug|Any CPU.ActiveCfg = Debug|Any CPU
		{457A8F80-CA1E-4E6E-B8C1-69C39B3B7844}.Debug|Any CPU.Build.0 = Debug|Any CPU
		{457A8F80-CA1E-4E6E-B8C1-69C39B3B7844}.Release|Any CPU.ActiveCfg = Release|Any CPU
		{457A8F80-CA1E-4E6E-B8C1-69C39B3B7844}.Release|Any CPU.Build.0 = Release|Any CPU
	EndGlobalSection
	GlobalSection(SolutionProperties) = preSolution
		HideSolutionNode = FALSE
	EndGlobalSection
	GlobalSection(ExtensibilityGlobals) = postSolution
		SolutionGuid = {9A6A29E0-BABA-4128-A3A5-F56B65C1667C}
	EndGlobalSection
EndGlobal
